
Microsoft Visual Studio Solution File, Format Version 12.00
# Visual Studio Version 17
VisualStudioVersion = 17.13.35825.156 d17.13
MinimumVisualStudioVersion = 10.0.40219.1
Project("{FAE04EC0-301F-11D3-BF4B-00C04F79EFBC}") = "CourseProject", "CourseProject.csproj", "{A201EADD-412B-4853-B727-058BC1C503FB}"
EndProject
Global
	GlobalSection(SolutionConfigurationPlatforms) = preSolution
		Debug|Any CPU = Debug|Any CPU
		Release|Any CPU = Release|Any CPU
	EndGlobalSection
	GlobalSection(ProjectConfigurationPlatforms) = postSolution
		{A201EADD-412B-4853-B727-058BC1C503FB}.Debug|Any CPU.ActiveCfg = Debug|Any CPU
		{A201EADD-412B-4853-B727-058BC1C503FB}.Debug|Any CPU.Build.0 = Debug|Any CPU
		{A201EADD-412B-4853-B727-058BC1C503FB}.Release|Any CPU.ActiveCfg = Release|Any CPU
		{A201EADD-412B-4853-B727-058BC1C503FB}.Release|Any CPU.Build.0 = Release|Any CPU
	EndGlobalSection
	GlobalSection(SolutionProperties) = preSolution
		HideSolutionNode = FALSE
	EndGlobalSection
	GlobalSection(ExtensibilityGlobals) = postSolution
		SolutionGuid = {4B8E6746-FB81-4147-8B74-6A1690D37055}
	EndGlobalSection
EndGlobal
